
Microsoft Visual Studio Solution File, Format Version 12.00
# Visual Studio Version 17
VisualStudioVersion = 17.8.34330.188
MinimumVisualStudioVersion = 10.0.40219.1
Project("{FAE04EC0-301F-11D3-BF4B-00C04F79EFBC}") = "EklavyaNet", "EklavyaNet.csproj", "{0D7D6D7E-89FB-4269-A68B-02C54F5B2791}"
EndProject
Global
	GlobalSection(SolutionConfigurationPlatforms) = preSolution
		Debug|Any CPU = Debug|Any CPU
		Release|Any CPU = Release|Any CPU
	EndGlobalSection
	GlobalSection(ProjectConfigurationPlatforms) = postSolution
		{0D7D6D7E-89FB-4269-A68B-02C54F5B2791}.Debug|Any CPU.ActiveCfg = Debug|Any CPU
		{0D7D6D7E-89FB-4269-A68B-02C54F5B2791}.Debug|Any CPU.Build.0 = Debug|Any CPU
		{0D7D6D7E-89FB-4269-A68B-02C54F5B2791}.Release|Any CPU.ActiveCfg = Release|Any CPU
		{0D7D6D7E-89FB-4269-A68B-02C54F5B2791}.Release|Any CPU.Build.0 = Release|Any CPU
	EndGlobalSection
	GlobalSection(SolutionProperties) = preSolution
		HideSolutionNode = FALSE
	EndGlobalSection
	GlobalSection(ExtensibilityGlobals) = postSolution
		SolutionGuid = {9B097254-7AE7-4630-9A12-6EC2FE3D010F}
	EndGlobalSection
EndGlobal
